{
  "requires": true,
  "lockfileVersion": 1,
  "dependencies": {
    "simple-hmac-auth": {
      "version": "4.0.0",
      "resolved": "https://registry.npmjs.org/simple-hmac-auth/-/simple-hmac-auth-4.0.0.tgz",
      "integrity": "sha512-2aQiQdl0i/7rDobbgPgOZ2Q6y8ci6iXV4FZcWJvfGFFJ/jag+We1E36BLvAVMQ3rAUTO9QIjbhRsjVh3tnODKg=="
    }
  }
}
